
Microsoft Visual Studio Solution File, Format Version 12.00
# Visual Studio Version 16
VisualStudioVersion = 16.0.32510.428
MinimumVisualStudioVersion = 10.0.40219.1
Project("{FAE04EC0-301F-11D3-BF4B-00C04F79EFBC}") = "week10-1", "week10-1\week10-1.csproj", "{53CD9DA2-55EA-487C-95FC-556C2AB1B8CD}"
EndProject
Global
	GlobalSection(SolutionConfigurationPlatforms) = preSolution
		Debug|Any CPU = Debug|Any CPU
		Release|Any CPU = Release|Any CPU
	EndGlobalSection
	GlobalSection(ProjectConfigurationPlatforms) = postSolution
		{53CD9DA2-55EA-487C-95FC-556C2AB1B8CD}.Debug|Any CPU.ActiveCfg = Debug|Any CPU
		{53CD9DA2-55EA-487C-95FC-556C2AB1B8CD}.Debug|Any CPU.Build.0 = Debug|Any CPU
		{53CD9DA2-55EA-487C-95FC-556C2AB1B8CD}.Release|Any CPU.ActiveCfg = Release|Any CPU
		{53CD9DA2-55EA-487C-95FC-556C2AB1B8CD}.Release|Any CPU.Build.0 = Release|Any CPU
	EndGlobalSection
	GlobalSection(SolutionProperties) = preSolution
		HideSolutionNode = FALSE
	EndGlobalSection
	GlobalSection(ExtensibilityGlobals) = postSolution
		SolutionGuid = {69D2BB83-686E-4D5A-A3EE-7A129F6A33D2}
	EndGlobalSection
EndGlobal
